// !$*UTF8*$!
{
	archiveVersion = 1;
	classes = {
	};
	objectVersion = 46;
	objects = {

/* Begin PBXBuildFile section */
		0973991AD4518EA5E2E30905 /* Pods_CNode.framework in Frameworks */ = {isa = PBXBuildFile; fileRef = E47EF0703084415E768A8521 /* Pods_CNode.framework */; };
		CA5DC0581CD088AC00FC253C /* AppDelegate.swift in Sources */ = {isa = PBXBuildFile; fileRef = CA5DC0571CD088AC00FC253C /* AppDelegate.swift */; };
		CA5DC05D1CD088AC00FC253C /* Main.storyboard in Resources */ = {isa = PBXBuildFile; fileRef = CA5DC05B1CD088AC00FC253C /* Main.storyboard */; };
		CA5DC05F1CD088AC00FC253C /* Assets.xcassets in Resources */ = {isa = PBXBuildFile; fileRef = CA5DC05E1CD088AC00FC253C /* Assets.xcassets */; };
		CA5DC0621CD088AC00FC253C /* LaunchScreen.storyboard in Resources */ = {isa = PBXBuildFile; fileRef = CA5DC0601CD088AC00FC253C /* LaunchScreen.storyboard */; };
		CA5DC07C1CD08C5700FC253C /* TopicModel.swift in Sources */ = {isa = PBXBuildFile; fileRef = CA5DC07B1CD08C5700FC253C /* TopicModel.swift */; };
		CA5DC0801CD08CA000FC253C /* TopicDetailViewController.swift in Sources */ = {isa = PBXBuildFile; fileRef = CA5DC07F1CD08CA000FC253C /* TopicDetailViewController.swift */; };
		CA5DC0821CD08CB300FC253C /* ProfileViewController.swift in Sources */ = {isa = PBXBuildFile; fileRef = CA5DC0811CD08CB300FC253C /* ProfileViewController.swift */; };
		CA5DC0841CD093FD00FC253C /* MainViewController.swift in Sources */ = {isa = PBXBuildFile; fileRef = CA5DC0831CD093FD00FC253C /* MainViewController.swift */; };
		CA9DC78C1CE98C44004FB834 /* ImageCache.swift in Sources */ = {isa = PBXBuildFile; fileRef = CA9DC78B1CE98C44004FB834 /* ImageCache.swift */; };
		CAAB77E31CE04EC70003732F /* TopicStorage.swift in Sources */ = {isa = PBXBuildFile; fileRef = CAAB77E21CE04EC70003732F /* TopicStorage.swift */; };
		CAAB77E51CE0544A0003732F /* Constant.swift in Sources */ = {isa = PBXBuildFile; fileRef = CAAB77E41CE0544A0003732F /* Constant.swift */; };
		CAAB77E81CE07C210003732F /* Alamofire-SwiftyJSON.swift in Sources */ = {isa = PBXBuildFile; fileRef = CAAB77E71CE07C210003732F /* Alamofire-SwiftyJSON.swift */; };
		CAAB77EB1CE17CB30003732F /* UIView+Extension.swift in Sources */ = {isa = PBXBuildFile; fileRef = CAAB77EA1CE17CB30003732F /* UIView+Extension.swift */; };
		CAAB77F21CE1AF9E0003732F /* TopicCell.swift in Sources */ = {isa = PBXBuildFile; fileRef = CAAB77F11CE1AF9E0003732F /* TopicCell.swift */; };
		CAAB77F81CE20F560003732F /* NSDate+Extension.swift in Sources */ = {isa = PBXBuildFile; fileRef = CAAB77F71CE20F560003732F /* NSDate+Extension.swift */; };
		CAAB77FA1CE212CB0003732F /* TimeUtil.swift in Sources */ = {isa = PBXBuildFile; fileRef = CAAB77F91CE212CB0003732F /* TimeUtil.swift */; };
		CAAB77FC1CE2FF5E0003732F /* TopicScrollView.swift in Sources */ = {isa = PBXBuildFile; fileRef = CAAB77FB1CE2FF5E0003732F /* TopicScrollView.swift */; };
		CAAB77FE1CE308140003732F /* String+Extension.swift in Sources */ = {isa = PBXBuildFile; fileRef = CAAB77FD1CE308140003732F /* String+Extension.swift */; };
		CAAB78001CE3217D0003732F /* HTML2String.swift in Sources */ = {isa = PBXBuildFile; fileRef = CAAB77FF1CE3217D0003732F /* HTML2String.swift */; };
		CAAB78031CE329C60003732F /* CommentCell.swift in Sources */ = {isa = PBXBuildFile; fileRef = CAAB78011CE329C60003732F /* CommentCell.swift */; };
/* End PBXBuildFile section */

/* Begin PBXFileReference section */
		637D0B657C45546B32D16014 /* Pods-CNode.release.xcconfig */ = {isa = PBXFileReference; includeInIndex = 1; lastKnownFileType = text.xcconfig; name = "Pods-CNode.release.xcconfig"; path = "Pods/Target Support Files/Pods-CNode/Pods-CNode.release.xcconfig"; sourceTree = "<group>"; };
		6BABCA05FF06BE42FCE60C3A /* Pods-CNode.debug.xcconfig */ = {isa = PBXFileReference; includeInIndex = 1; lastKnownFileType = text.xcconfig; name = "Pods-CNode.debug.xcconfig"; path = "Pods/Target Support Files/Pods-CNode/Pods-CNode.debug.xcconfig"; sourceTree = "<group>"; };
		CA5DC0541CD088AC00FC253C /* CNode.app */ = {isa = PBXFileReference; explicitFileType = wrapper.application; includeInIndex = 0; path = CNode.app; sourceTree = BUILT_PRODUCTS_DIR; };
		CA5DC0571CD088AC00FC253C /* AppDelegate.swift */ = {isa = PBXFileReference; lastKnownFileType = sourcecode.swift; name = AppDelegate.swift; path = ../../../AppDelegate.swift; sourceTree = "<group>"; };
		CA5DC05C1CD088AC00FC253C /* Base */ = {isa = PBXFileReference; lastKnownFileType = file.storyboard; name = Base; path = Base.lproj/Main.storyboard; sourceTree = "<group>"; };
		CA5DC05E1CD088AC00FC253C /* Assets.xcassets */ = {isa = PBXFileReference; lastKnownFileType = folder.assetcatalog; path = Assets.xcassets; sourceTree = "<group>"; };
		CA5DC0611CD088AC00FC253C /* Base */ = {isa = PBXFileReference; lastKnownFileType = file.storyboard; name = Base; path = Base.lproj/LaunchScreen.storyboard; sourceTree = "<group>"; };
		CA5DC0631CD088AC00FC253C /* Info.plist */ = {isa = PBXFileReference; lastKnownFileType = text.plist.xml; path = Info.plist; sourceTree = "<group>"; };
		CA5DC07B1CD08C5700FC253C /* TopicModel.swift */ = {isa = PBXFileReference; fileEncoding = 4; lastKnownFileType = sourcecode.swift; path = TopicModel.swift; sourceTree = "<group>"; };
		CA5DC07F1CD08CA000FC253C /* TopicDetailViewController.swift */ = {isa = PBXFileReference; fileEncoding = 4; lastKnownFileType = sourcecode.swift; path = TopicDetailViewController.swift; sourceTree = "<group>"; };
		CA5DC0811CD08CB300FC253C /* ProfileViewController.swift */ = {isa = PBXFileReference; fileEncoding = 4; lastKnownFileType = sourcecode.swift; path = ProfileViewController.swift; sourceTree = "<group>"; };
		CA5DC0831CD093FD00FC253C /* MainViewController.swift */ = {isa = PBXFileReference; fileEncoding = 4; lastKnownFileType = sourcecode.swift; path = MainViewController.swift; sourceTree = "<group>"; };
		CA9DC78B1CE98C44004FB834 /* ImageCache.swift */ = {isa = PBXFileReference; fileEncoding = 4; lastKnownFileType = sourcecode.swift; path = ImageCache.swift; sourceTree = "<group>"; };
		CAAB77E21CE04EC70003732F /* TopicStorage.swift */ = {isa = PBXFileReference; fileEncoding = 4; lastKnownFileType = sourcecode.swift; path = TopicStorage.swift; sourceTree = "<group>"; };
		CAAB77E41CE0544A0003732F /* Constant.swift */ = {isa = PBXFileReference; fileEncoding = 4; lastKnownFileType = sourcecode.swift; path = Constant.swift; sourceTree = "<group>"; };
		CAAB77E71CE07C210003732F /* Alamofire-SwiftyJSON.swift */ = {isa = PBXFileReference; fileEncoding = 4; lastKnownFileType = sourcecode.swift; path = "Alamofire-SwiftyJSON.swift"; sourceTree = "<group>"; };
		CAAB77EA1CE17CB30003732F /* UIView+Extension.swift */ = {isa = PBXFileReference; fileEncoding = 4; lastKnownFileType = sourcecode.swift; path = "UIView+Extension.swift"; sourceTree = "<group>"; };
		CAAB77F11CE1AF9E0003732F /* TopicCell.swift */ = {isa = PBXFileReference; fileEncoding = 4; lastKnownFileType = sourcecode.swift; path = TopicCell.swift; sourceTree = "<group>"; };
		CAAB77F71CE20F560003732F /* NSDate+Extension.swift */ = {isa = PBXFileReference; fileEncoding = 4; lastKnownFileType = sourcecode.swift; path = "NSDate+Extension.swift"; sourceTree = "<group>"; };
		CAAB77F91CE212CB0003732F /* TimeUtil.swift */ = {isa = PBXFileReference; fileEncoding = 4; lastKnownFileType = sourcecode.swift; path = TimeUtil.swift; sourceTree = "<group>"; };
		CAAB77FB1CE2FF5E0003732F /* TopicScrollView.swift */ = {isa = PBXFileReference; fileEncoding = 4; lastKnownFileType = sourcecode.swift; path = TopicScrollView.swift; sourceTree = "<group>"; };
		CAAB77FD1CE308140003732F /* String+Extension.swift */ = {isa = PBXFileReference; fileEncoding = 4; lastKnownFileType = sourcecode.swift; path = "String+Extension.swift"; sourceTree = "<group>"; };
		CAAB77FF1CE3217D0003732F /* HTML2String.swift */ = {isa = PBXFileReference; fileEncoding = 4; lastKnownFileType = sourcecode.swift; path = HTML2String.swift; sourceTree = "<group>"; };
		CAAB78011CE329C60003732F /* CommentCell.swift */ = {isa = PBXFileReference; fileEncoding = 4; lastKnownFileType = sourcecode.swift; path = CommentCell.swift; sourceTree = "<group>"; };
		E47EF0703084415E768A8521 /* Pods_CNode.framework */ = {isa = PBXFileReference; explicitFileType = wrapper.framework; includeInIndex = 0; path = Pods_CNode.framework; sourceTree = BUILT_PRODUCTS_DIR; };
/* End PBXFileReference section */

/* Begin PBXFrameworksBuildPhase section */
		CA5DC0511CD088AC00FC253C /* Frameworks */ = {
			isa = PBXFrameworksBuildPhase;
			buildActionMask = 2147483647;
			files = (
				0973991AD4518EA5E2E30905 /* Pods_CNode.framework in Frameworks */,
			);
			runOnlyForDeploymentPostprocessing = 0;
		};
/* End PBXFrameworksBuildPhase section */

/* Begin PBXGroup section */
		0029CF5A94AF87DF89CC8013 /* Frameworks */ = {
			isa = PBXGroup;
			children = (
				E47EF0703084415E768A8521 /* Pods_CNode.framework */,
			);
			name = Frameworks;
			sourceTree = "<group>";
		};
		6F5F62C57E151092A6DD1763 /* Pods */ = {
			isa = PBXGroup;
			children = (
				6BABCA05FF06BE42FCE60C3A /* Pods-CNode.debug.xcconfig */,
				637D0B657C45546B32D16014 /* Pods-CNode.release.xcconfig */,
			);
			name = Pods;
			sourceTree = "<group>";
		};
		CA5DC04B1CD088AC00FC253C = {
			isa = PBXGroup;
			children = (
				CA5DC0561CD088AC00FC253C /* CNode */,
				CA5DC0551CD088AC00FC253C /* Products */,
				6F5F62C57E151092A6DD1763 /* Pods */,
				0029CF5A94AF87DF89CC8013 /* Frameworks */,
			);
			sourceTree = "<group>";
		};
		CA5DC0551CD088AC00FC253C /* Products */ = {
			isa = PBXGroup;
			children = (
				CA5DC0541CD088AC00FC253C /* CNode.app */,
			);
			name = Products;
			sourceTree = "<group>";
		};
		CA5DC0561CD088AC00FC253C /* CNode */ = {
			isa = PBXGroup;
			children = (
				CA5DC0741CD08C3F00FC253C /* Classes */,
				CAAB77E41CE0544A0003732F /* Constant.swift */,
				CA5DC05B1CD088AC00FC253C /* Main.storyboard */,
				CA5DC05E1CD088AC00FC253C /* Assets.xcassets */,
				CA5DC0601CD088AC00FC253C /* LaunchScreen.storyboard */,
				CA5DC0631CD088AC00FC253C /* Info.plist */,
			);
			path = CNode;
			sourceTree = "<group>";
		};
		CA5DC0741CD08C3F00FC253C /* Classes */ = {
			isa = PBXGroup;
			children = (
				CA5DC0751CD08C3F00FC253C /* Controller */,
				CA5DC0781CD08C3F00FC253C /* Model */,
				CA5DC0791CD08C3F00FC253C /* View */,
				CA5DC0771CD08C3F00FC253C /* Main */,
			);
			path = Classes;
			sourceTree = "<group>";
		};
		CA5DC0751CD08C3F00FC253C /* Controller */ = {
			isa = PBXGroup;
			children = (
				CA5DC0831CD093FD00FC253C /* MainViewController.swift */,
				CA5DC07F1CD08CA000FC253C /* TopicDetailViewController.swift */,
				CA5DC0811CD08CB300FC253C /* ProfileViewController.swift */,
			);
			path = Controller;
			sourceTree = "<group>";
		};
		CA5DC0771CD08C3F00FC253C /* Main */ = {
			isa = PBXGroup;
			children = (
				CAAB77ED1CE1A7C80003732F /* AppDelegate */,
				CAAB77EE1CE1A7E40003732F /* Operator */,
				CAAB77E61CE07C070003732F /* Extension */,
			);
			path = Main;
			sourceTree = "<group>";
		};
		CA5DC0781CD08C3F00FC253C /* Model */ = {
			isa = PBXGroup;
			children = (
				CA5DC07B1CD08C5700FC253C /* TopicModel.swift */,
				CAAB77E21CE04EC70003732F /* TopicStorage.swift */,
				CA9DC78B1CE98C44004FB834 /* ImageCache.swift */,
			);
			path = Model;
			sourceTree = "<group>";
		};
		CA5DC0791CD08C3F00FC253C /* View */ = {
			isa = PBXGroup;
			children = (
				CAAB77F11CE1AF9E0003732F /* TopicCell.swift */,
				CAAB77FB1CE2FF5E0003732F /* TopicScrollView.swift */,
				CAAB78011CE329C60003732F /* CommentCell.swift */,
			);
			path = View;
			sourceTree = "<group>";
		};
		CAAB77E61CE07C070003732F /* Extension */ = {
			isa = PBXGroup;
			children = (
				CAAB77E71CE07C210003732F /* Alamofire-SwiftyJSON.swift */,
				CAAB77EA1CE17CB30003732F /* UIView+Extension.swift */,
				CAAB77F71CE20F560003732F /* NSDate+Extension.swift */,
				CAAB77FD1CE308140003732F /* String+Extension.swift */,
				CAAB77FF1CE3217D0003732F /* HTML2String.swift */,
			);
			path = Extension;
			sourceTree = "<group>";
		};
		CAAB77ED1CE1A7C80003732F /* AppDelegate */ = {
			isa = PBXGroup;
			children = (
				CA5DC0571CD088AC00FC253C /* AppDelegate.swift */,
			);
			path = AppDelegate;
			sourceTree = "<group>";
		};
		CAAB77EE1CE1A7E40003732F /* Operator */ = {
			isa = PBXGroup;
			children = (
				CAAB77F91CE212CB0003732F /* TimeUtil.swift */,
			);
			path = Operator;
			sourceTree = "<group>";
		};
/* End PBXGroup section */

/* Begin PBXNativeTarget section */
		CA5DC0531CD088AC00FC253C /* CNode */ = {
			isa = PBXNativeTarget;
			buildConfigurationList = CA5DC0661CD088AC00FC253C /* Build configuration list for PBXNativeTarget "CNode" */;
			buildPhases = (
				B50B69053F20216086BE9572 /* 📦 Check Pods Manifest.lock */,
				CA5DC0501CD088AC00FC253C /* Sources */,
				CA5DC0511CD088AC00FC253C /* Frameworks */,
				CA5DC0521CD088AC00FC253C /* Resources */,
				CF15059ED368EB9BD54628F2 /* 📦 Embed Pods Frameworks */,
				96D796BE892E2DFCC9AF94C0 /* 📦 Copy Pods Resources */,
			);
			buildRules = (
			);
			dependencies = (
			);
			name = CNode;
			productName = CNode;
			productReference = CA5DC0541CD088AC00FC253C /* CNode.app */;
			productType = "com.apple.product-type.application";
		};
/* End PBXNativeTarget section */

/* Begin PBXProject section */
		CA5DC04C1CD088AC00FC253C /* Project object */ = {
			isa = PBXProject;
			attributes = {
				LastSwiftUpdateCheck = 0730;
				LastUpgradeCheck = 0730;
				ORGANIZATIONNAME = Ivy;
				TargetAttributes = {
					CA5DC0531CD088AC00FC253C = {
						CreatedOnToolsVersion = 7.3;
						DevelopmentTeam = CLMC3TB7QD;
					};
				};
			};
			buildConfigurationList = CA5DC04F1CD088AC00FC253C /* Build configuration list for PBXProject "CNode" */;
			compatibilityVersion = "Xcode 3.2";
			developmentRegion = English;
			hasScannedForEncodings = 0;
			knownRegions = (
				en,
				Base,
			);
			mainGroup = CA5DC04B1CD088AC00FC253C;
			productRefGroup = CA5DC0551CD088AC00FC253C /* Products */;
			projectDirPath = "";
			projectRoot = "";
			targets = (
				CA5DC0531CD088AC00FC253C /* CNode */,
			);
		};
/* End PBXProject section */

/* Begin PBXResourcesBuildPhase section */
		CA5DC0521CD088AC00FC253C /* Resources */ = {
			isa = PBXResourcesBuildPhase;
			buildActionMask = 2147483647;
			files = (
				CA5DC0621CD088AC00FC253C /* LaunchScreen.storyboard in Resources */,
				CA5DC05F1CD088AC00FC253C /* Assets.xcassets in Resources */,
				CA5DC05D1CD088AC00FC253C /* Main.storyboard in Resources */,
			);
			runOnlyForDeploymentPostprocessing = 0;
		};
/* End PBXResourcesBuildPhase section */

/* Begin PBXShellScriptBuildPhase section */
		96D796BE892E2DFCC9AF94C0 /* 📦 Copy Pods Resources */ = {
			isa = PBXShellScriptBuildPhase;
			buildActionMask = 2147483647;
			files = (
			);
			inputPaths = (
			);
			name = "📦 Copy Pods Resources";
			outputPaths = (
			);
			runOnlyForDeploymentPostprocessing = 0;
			shellPath = /bin/sh;
			shellScript = "\"${SRCROOT}/Pods/Target Support Files/Pods-CNode/Pods-CNode-resources.sh\"\n";
			showEnvVarsInLog = 0;
		};
		B50B69053F20216086BE9572 /* 📦 Check Pods Manifest.lock */ = {
			isa = PBXShellScriptBuildPhase;
			buildActionMask = 2147483647;
			files = (
			);
			inputPaths = (
			);
			name = "📦 Check Pods Manifest.lock";
			outputPaths = (
			);
			runOnlyForDeploymentPostprocessing = 0;
			shellPath = /bin/sh;
			shellScript = "diff \"${PODS_ROOT}/../Podfile.lock\" \"${PODS_ROOT}/Manifest.lock\" > /dev/null\nif [[ $? != 0 ]] ; then\n    cat << EOM\nerror: The sandbox is not in sync with the Podfile.lock. Run 'pod install' or update your CocoaPods installation.\nEOM\n    exit 1\nfi\n";
			showEnvVarsInLog = 0;
		};
		CF15059ED368EB9BD54628F2 /* 📦 Embed Pods Frameworks */ = {
			isa = PBXShellScriptBuildPhase;
			buildActionMask = 2147483647;
			files = (
			);
			inputPaths = (
			);
			name = "📦 Embed Pods Frameworks";
			outputPaths = (
			);
			runOnlyForDeploymentPostprocessing = 0;
			shellPath = /bin/sh;
			shellScript = "\"${SRCROOT}/Pods/Target Support Files/Pods-CNode/Pods-CNode-frameworks.sh\"\n";
			showEnvVarsInLog = 0;
		};
/* End PBXShellScriptBuildPhase section */

/* Begin PBXSourcesBuildPhase section */
		CA5DC0501CD088AC00FC253C /* Sources */ = {
			isa = PBXSourcesBuildPhase;
			buildActionMask = 2147483647;
			files = (
				CAAB77F81CE20F560003732F /* NSDate+Extension.swift in Sources */,
				CAAB77FC1CE2FF5E0003732F /* TopicScrollView.swift in Sources */,
				CA9DC78C1CE98C44004FB834 /* ImageCache.swift in Sources */,
				CAAB77EB1CE17CB30003732F /* UIView+Extension.swift in Sources */,
				CAAB78001CE3217D0003732F /* HTML2String.swift in Sources */,
				CAAB77FA1CE212CB0003732F /* TimeUtil.swift in Sources */,
				CAAB77F21CE1AF9E0003732F /* TopicCell.swift in Sources */,
				CAAB77E51CE0544A0003732F /* Constant.swift in Sources */,
				CA5DC0821CD08CB300FC253C /* ProfileViewController.swift in Sources */,
				CAAB77E81CE07C210003732F /* Alamofire-SwiftyJSON.swift in Sources */,
				CAAB77FE1CE308140003732F /* String+Extension.swift in Sources */,
				CAAB77E31CE04EC70003732F /* TopicStorage.swift in Sources */,
				CA5DC0581CD088AC00FC253C /* AppDelegate.swift in Sources */,
				CA5DC0801CD08CA000FC253C /* TopicDetailViewController.swift in Sources */,
				CA5DC07C1CD08C5700FC253C /* TopicModel.swift in Sources */,
				CA5DC0841CD093FD00FC253C /* MainViewController.swift in Sources */,
				CAAB78031CE329C60003732F /* CommentCell.swift in Sources */,
			);
			runOnlyForDeploymentPostprocessing = 0;
		};
/* End PBXSourcesBuildPhase section */

/* Begin PBXVariantGroup section */
		CA5DC05B1CD088AC00FC253C /* Main.storyboard */ = {
			isa = PBXVariantGroup;
			children = (
				CA5DC05C1CD088AC00FC253C /* Base */,
			);
			name = Main.storyboard;
			sourceTree = "<group>";
		};
		CA5DC0601CD088AC00FC253C /* LaunchScreen.storyboard */ = {
			isa = PBXVariantGroup;
			children = (
				CA5DC0611CD088AC00FC253C /* Base */,
			);
			name = LaunchScreen.storyboard;
			sourceTree = "<group>";
		};
/* End PBXVariantGroup section */

/* Begin XCBuildConfiguration section */
		CA5DC0641CD088AC00FC253C /* Debug */ = {
			isa = XCBuildConfiguration;
			buildSettings = {
				ALWAYS_SEARCH_USER_PATHS = NO;
				CLANG_ANALYZER_NONNULL = YES;
				CLANG_CXX_LANGUAGE_STANDARD = "gnu++0x";
				CLANG_CXX_LIBRARY = "libc++";
				CLANG_ENABLE_MODULES = YES;
				CLANG_ENABLE_OBJC_ARC = YES;
				CLANG_WARN_BOOL_CONVERSION = YES;
				CLANG_WARN_CONSTANT_CONVERSION = YES;
				CLANG_WARN_DIRECT_OBJC_ISA_USAGE = YES_ERROR;
				CLANG_WARN_EMPTY_BODY = YES;
				CLANG_WARN_ENUM_CONVERSION = YES;
				CLANG_WARN_INT_CONVERSION = YES;
				CLANG_WARN_OBJC_ROOT_CLASS = YES_ERROR;
				CLANG_WARN_UNREACHABLE_CODE = YES;
				CLANG_WARN__DUPLICATE_METHOD_MATCH = YES;
				"CODE_SIGN_IDENTITY[sdk=iphoneos*]" = "iPhone Developer";
				COPY_PHASE_STRIP = NO;
				DEBUG_INFORMATION_FORMAT = dwarf;
				ENABLE_STRICT_OBJC_MSGSEND = YES;
				ENABLE_TESTABILITY = YES;
				GCC_C_LANGUAGE_STANDARD = gnu99;
				GCC_DYNAMIC_NO_PIC = NO;
				GCC_NO_COMMON_BLOCKS = YES;
				GCC_OPTIMIZATION_LEVEL = 0;
				GCC_PREPROCESSOR_DEFINITIONS = (
					"DEBUG=1",
					"$(inherited)",
				);
				GCC_WARN_64_TO_32_BIT_CONVERSION = YES;
				GCC_WARN_ABOUT_RETURN_TYPE = YES_ERROR;
				GCC_WARN_UNDECLARED_SELECTOR = YES;
				GCC_WARN_UNINITIALIZED_AUTOS = YES_AGGRESSIVE;
				GCC_WARN_UNUSED_FUNCTION = YES;
				GCC_WARN_UNUSED_VARIABLE = YES;
				IPHONEOS_DEPLOYMENT_TARGET = 9.3;
				MTL_ENABLE_DEBUG_INFO = YES;
				ONLY_ACTIVE_ARCH = YES;
				SDKROOT = iphoneos;
				SWIFT_OPTIMIZATION_LEVEL = "-Onone";
				TARGETED_DEVICE_FAMILY = "1,2";
			};
			name = Debug;
		};
		CA5DC0651CD088AC00FC253C /* Release */ = {
			isa = XCBuildConfiguration;
			buildSettings = {
				ALWAYS_SEARCH_USER_PATHS = NO;
				CLANG_ANALYZER_NONNULL = YES;
				CLANG_CXX_LANGUAGE_STANDARD = "gnu++0x";
				CLANG_CXX_LIBRARY = "libc++";
				CLANG_ENABLE_MODULES = YES;
				CLANG_ENABLE_OBJC_ARC = YES;
				CLANG_WARN_BOOL_CONVERSION = YES;
				CLANG_WARN_CONSTANT_CONVERSION = YES;
				CLANG_WARN_DIRECT_OBJC_ISA_USAGE = YES_ERROR;
				CLANG_WARN_EMPTY_BODY = YES;
				CLANG_WARN_ENUM_CONVERSION = YES;
				CLANG_WARN_INT_CONVERSION = YES;
				CLANG_WARN_OBJC_ROOT_CLASS = YES_ERROR;
				CLANG_WARN_UNREACHABLE_CODE = YES;
				CLANG_WARN__DUPLICATE_METHOD_MATCH = YES;
				"CODE_SIGN_IDENTITY[sdk=iphoneos*]" = "iPhone Developer";
				COPY_PHASE_STRIP = NO;
				DEBUG_INFORMATION_FORMAT = "dwarf-with-dsym";
				ENABLE_NS_ASSERTIONS = NO;
				ENABLE_STRICT_OBJC_MSGSEND = YES;
				GCC_C_LANGUAGE_STANDARD = gnu99;
				GCC_NO_COMMON_BLOCKS = YES;
				GCC_WARN_64_TO_32_BIT_CONVERSION = YES;
				GCC_WARN_ABOUT_RETURN_TYPE = YES_ERROR;
				GCC_WARN_UNDECLARED_SELECTOR = YES;
				GCC_WARN_UNINITIALIZED_AUTOS = YES_AGGRESSIVE;
				GCC_WARN_UNUSED_FUNCTION = YES;
				GCC_WARN_UNUSED_VARIABLE = YES;
				IPHONEOS_DEPLOYMENT_TARGET = 9.3;
				MTL_ENABLE_DEBUG_INFO = NO;
				SDKROOT = iphoneos;
				TARGETED_DEVICE_FAMILY = "1,2";
				VALIDATE_PRODUCT = YES;
			};
			name = Release;
		};
		CA5DC0671CD088AC00FC253C /* Debug */ = {
			isa = XCBuildConfiguration;
			baseConfigurationReference = 6BABCA05FF06BE42FCE60C3A /* Pods-CNode.debug.xcconfig */;
			buildSettings = {
				ASSETCATALOG_COMPILER_APPICON_NAME = AppIcon;
				INFOPLIST_FILE = CNode/Info.plist;
				LD_RUNPATH_SEARCH_PATHS = "$(inherited) @executable_path/Frameworks";
				PRODUCT_BUNDLE_IDENTIFIER = com.alloc.CNode;
				PRODUCT_NAME = "$(TARGET_NAME)";
			};
			name = Debug;
		};
		CA5DC0681CD088AC00FC253C /* Release */ = {
			isa = XCBuildConfiguration;
			baseConfigurationReference = 637D0B657C45546B32D16014 /* Pods-CNode.release.xcconfig */;
			buildSettings = {
				ASSETCATALOG_COMPILER_APPICON_NAME = AppIcon;
				INFOPLIST_FILE = CNode/Info.plist;
				LD_RUNPATH_SEARCH_PATHS = "$(inherited) @executable_path/Frameworks";
				PRODUCT_BUNDLE_IDENTIFIER = com.alloc.CNode;
				PRODUCT_NAME = "$(TARGET_NAME)";
			};
			name = Release;
		};
/* End XCBuildConfiguration section */

/* Begin XCConfigurationList section */
		CA5DC04F1CD088AC00FC253C /* Build configuration list for PBXProject "CNode" */ = {
			isa = XCConfigurationList;
			buildConfigurations = (
				CA5DC0641CD088AC00FC253C /* Debug */,
				CA5DC0651CD088AC00FC253C /* Release */,
			);
			defaultConfigurationIsVisible = 0;
			defaultConfigurationName = Release;
		};
		CA5DC0661CD088AC00FC253C /* Build configuration list for PBXNativeTarget "CNode" */ = {
			isa = XCConfigurationList;
			buildConfigurations = (
				CA5DC0671CD088AC00FC253C /* Debug */,
				CA5DC0681CD088AC00FC253C /* Release */,
			);
			defaultConfigurationIsVisible = 0;
			defaultConfigurationName = Release;
		};
/* End XCConfigurationList section */
	};
	rootObject = CA5DC04C1CD088AC00FC253C /* Project object */;
}
